// !$*UTF8*$!
{
	archiveVersion = 1;
	classes = {
	};
	objectVersion = 46;
	objects = {

/* Begin PBXBuildFile section */
		5169CA861C3F759300696925 /* AppDelegate.swift in Sources */ = {isa = PBXBuildFile; fileRef = 5169CA851C3F759300696925 /* AppDelegate.swift */; };
		5169CA881C3F759300696925 /* ViewController.swift in Sources */ = {isa = PBXBuildFile; fileRef = 5169CA871C3F759300696925 /* ViewController.swift */; };
		5169CA8B1C3F759300696925 /* Main.storyboard in Resources */ = {isa = PBXBuildFile; fileRef = 5169CA891C3F759300696925 /* Main.storyboard */; };
		5169CA8D1C3F759300696925 /* Assets.xcassets in Resources */ = {isa = PBXBuildFile; fileRef = 5169CA8C1C3F759300696925 /* Assets.xcassets */; };
		5169CA901C3F759300696925 /* LaunchScreen.storyboard in Resources */ = {isa = PBXBuildFile; fileRef = 5169CA8E1C3F759300696925 /* LaunchScreen.storyboard */; };
		5169CA9B1C3F759300696925 /* AnimatedLaunchScreenTests.swift in Sources */ = {isa = PBXBuildFile; fileRef = 5169CA9A1C3F759300696925 /* AnimatedLaunchScreenTests.swift */; };
		5169CAA61C3F759300696925 /* AnimatedLaunchScreenUITests.swift in Sources */ = {isa = PBXBuildFile; fileRef = 5169CAA51C3F759300696925 /* AnimatedLaunchScreenUITests.swift */; };
/* End PBXBuildFile section */

/* Begin PBXContainerItemProxy section */
		5169CA971C3F759300696925 /* PBXContainerItemProxy */ = {
			isa = PBXContainerItemProxy;
			containerPortal = 5169CA7A1C3F759300696925 /* Project object */;
			proxyType = 1;
			remoteGlobalIDString = 5169CA811C3F759300696925;
			remoteInfo = AnimatedLaunchScreen;
		};
		5169CAA21C3F759300696925 /* PBXContainerItemProxy */ = {
			isa = PBXContainerItemProxy;
			containerPortal = 5169CA7A1C3F759300696925 /* Project object */;
			proxyType = 1;
			remoteGlobalIDString = 5169CA811C3F759300696925;
			remoteInfo = AnimatedLaunchScreen;
		};
/* End PBXContainerItemProxy section */

/* Begin PBXFileReference section */
		5169CA821C3F759300696925 /* AnimatedLaunchScreen.app */ = {isa = PBXFileReference; explicitFileType = wrapper.application; includeInIndex = 0; path = AnimatedLaunchScreen.app; sourceTree = BUILT_PRODUCTS_DIR; };
		5169CA851C3F759300696925 /* AppDelegate.swift */ = {isa = PBXFileReference; lastKnownFileType = sourcecode.swift; path = AppDelegate.swift; sourceTree = "<group>"; };
		5169CA871C3F759300696925 /* ViewController.swift */ = {isa = PBXFileReference; lastKnownFileType = sourcecode.swift; path = ViewController.swift; sourceTree = "<group>"; };
		5169CA8A1C3F759300696925 /* Base */ = {isa = PBXFileReference; lastKnownFileType = file.storyboard; name = Base; path = Base.lproj/Main.storyboard; sourceTree = "<group>"; };
		5169CA8C1C3F759300696925 /* Assets.xcassets */ = {isa = PBXFileReference; lastKnownFileType = folder.assetcatalog; path = Assets.xcassets; sourceTree = "<group>"; };
		5169CA8F1C3F759300696925 /* Base */ = {isa = PBXFileReference; lastKnownFileType = file.storyboard; name = Base; path = Base.lproj/LaunchScreen.storyboard; sourceTree = "<group>"; };
		5169CA911C3F759300696925 /* Info.plist */ = {isa = PBXFileReference; lastKnownFileType = text.plist.xml; path = Info.plist; sourceTree = "<group>"; };
		5169CA961C3F759300696925 /* AnimatedLaunchScreenTests.xctest */ = {isa = PBXFileReference; explicitFileType = wrapper.cfbundle; includeInIndex = 0; path = AnimatedLaunchScreenTests.xctest; sourceTree = BUILT_PRODUCTS_DIR; };
		5169CA9A1C3F759300696925 /* AnimatedLaunchScreenTests.swift */ = {isa = PBXFileReference; lastKnownFileType = sourcecode.swift; path = AnimatedLaunchScreenTests.swift; sourceTree = "<group>"; };
		5169CA9C1C3F759300696925 /* Info.plist */ = {isa = PBXFileReference; lastKnownFileType = text.plist.xml; path = Info.plist; sourceTree = "<group>"; };
		5169CAA11C3F759300696925 /* AnimatedLaunchScreenUITests.xctest */ = {isa = PBXFileReference; explicitFileType = wrapper.cfbundle; includeInIndex = 0; path = AnimatedLaunchScreenUITests.xctest; sourceTree = BUILT_PRODUCTS_DIR; };
		5169CAA51C3F759300696925 /* AnimatedLaunchScreenUITests.swift */ = {isa = PBXFileReference; lastKnownFileType = sourcecode.swift; path = AnimatedLaunchScreenUITests.swift; sourceTree = "<group>"; };
		5169CAA71C3F759300696925 /* Info.plist */ = {isa = PBXFileReference; lastKnownFileType = text.plist.xml; path = Info.plist; sourceTree = "<group>"; };
/* End PBXFileReference section */

/* Begin PBXFrameworksBuildPhase section */
		5169CA7F1C3F759300696925 /* Frameworks */ = {
			isa = PBXFrameworksBuildPhase;
			buildActionMask = 2147483647;
			files = (
			);
			runOnlyForDeploymentPostprocessing = 0;
		};
		5169CA931C3F759300696925 /* Frameworks */ = {
			isa = PBXFrameworksBuildPhase;
			buildActionMask = 2147483647;
			files = (
			);
			runOnlyForDeploymentPostprocessing = 0;
		};
		5169CA9E1C3F759300696925 /* Frameworks */ = {
			isa = PBXFrameworksBuildPhase;
			buildActionMask = 2147483647;
			files = (
			);
			runOnlyForDeploymentPostprocessing = 0;
		};
/* End PBXFrameworksBuildPhase section */

/* Begin PBXGroup section */
		5169CA791C3F759300696925 = {
			isa = PBXGroup;
			children = (
				5169CA841C3F759300696925 /* AnimatedLaunchScreen */,
				5169CA991C3F759300696925 /* AnimatedLaunchScreenTests */,
				5169CAA41C3F759300696925 /* AnimatedLaunchScreenUITests */,
				5169CA831C3F759300696925 /* Products */,
			);
			sourceTree = "<group>";
		};
		5169CA831C3F759300696925 /* Products */ = {
			isa = PBXGroup;
			children = (
				5169CA821C3F759300696925 /* AnimatedLaunchScreen.app */,
				5169CA961C3F759300696925 /* AnimatedLaunchScreenTests.xctest */,
				5169CAA11C3F759300696925 /* AnimatedLaunchScreenUITests.xctest */,
			);
			name = Products;
			sourceTree = "<group>";
		};
		5169CA841C3F759300696925 /* AnimatedLaunchScreen */ = {
			isa = PBXGroup;
			children = (
				5169CA851C3F759300696925 /* AppDelegate.swift */,
				5169CA871C3F759300696925 /* ViewController.swift */,
				5169CA891C3F759300696925 /* Main.storyboard */,
				5169CA8C1C3F759300696925 /* Assets.xcassets */,
				5169CA8E1C3F759300696925 /* LaunchScreen.storyboard */,
				5169CA911C3F759300696925 /* Info.plist */,
			);
			path = AnimatedLaunchScreen;
			sourceTree = "<group>";
		};
		5169CA991C3F759300696925 /* AnimatedLaunchScreenTests */ = {
			isa = PBXGroup;
			children = (
				5169CA9A1C3F759300696925 /* AnimatedLaunchScreenTests.swift */,
				5169CA9C1C3F759300696925 /* Info.plist */,
			);
			path = AnimatedLaunchScreenTests;
			sourceTree = "<group>";
		};
		5169CAA41C3F759300696925 /* AnimatedLaunchScreenUITests */ = {
			isa = PBXGroup;
			children = (
				5169CAA51C3F759300696925 /* AnimatedLaunchScreenUITests.swift */,
				5169CAA71C3F759300696925 /* Info.plist */,
			);
			path = AnimatedLaunchScreenUITests;
			sourceTree = "<group>";
		};
/* End PBXGroup section */

/* Begin PBXNativeTarget section */
		5169CA811C3F759300696925 /* AnimatedLaunchScreen */ = {
			isa = PBXNativeTarget;
			buildConfigurationList = 5169CAAA1C3F759300696925 /* Build configuration list for PBXNativeTarget "AnimatedLaunchScreen" */;
			buildPhases = (
				5169CA7E1C3F759300696925 /* Sources */,
				5169CA7F1C3F759300696925 /* Frameworks */,
				5169CA801C3F759300696925 /* Resources */,
			);
			buildRules = (
			);
			dependencies = (
			);
			name = AnimatedLaunchScreen;
			productName = AnimatedLaunchScreen;
			productReference = 5169CA821C3F759300696925 /* AnimatedLaunchScreen.app */;
			productType = "com.apple.product-type.application";
		};
		5169CA951C3F759300696925 /* AnimatedLaunchScreenTests */ = {
			isa = PBXNativeTarget;
			buildConfigurationList = 5169CAAD1C3F759300696925 /* Build configuration list for PBXNativeTarget "AnimatedLaunchScreenTests" */;
			buildPhases = (
				5169CA921C3F759300696925 /* Sources */,
				5169CA931C3F759300696925 /* Frameworks */,
				5169CA941C3F759300696925 /* Resources */,
			);
			buildRules = (
			);
			dependencies = (
				5169CA981C3F759300696925 /* PBXTargetDependency */,
			);
			name = AnimatedLaunchScreenTests;
			productName = AnimatedLaunchScreenTests;
			productReference = 5169CA961C3F759300696925 /* AnimatedLaunchScreenTests.xctest */;
			productType = "com.apple.product-type.bundle.unit-test";
		};
		5169CAA01C3F759300696925 /* AnimatedLaunchScreenUITests */ = {
			isa = PBXNativeTarget;
			buildConfigurationList = 5169CAB01C3F759300696925 /* Build configuration list for PBXNativeTarget "AnimatedLaunchScreenUITests" */;
			buildPhases = (
				5169CA9D1C3F759300696925 /* Sources */,
				5169CA9E1C3F759300696925 /* Frameworks */,
				5169CA9F1C3F759300696925 /* Resources */,
			);
			buildRules = (
			);
			dependencies = (
				5169CAA31C3F759300696925 /* PBXTargetDependency */,
			);
			name = AnimatedLaunchScreenUITests;
			productName = AnimatedLaunchScreenUITests;
			productReference = 5169CAA11C3F759300696925 /* AnimatedLaunchScreenUITests.xctest */;
			productType = "com.apple.product-type.bundle.ui-testing";
		};
/* End PBXNativeTarget section */

/* Begin PBXProject section */
		5169CA7A1C3F759300696925 /* Project object */ = {
			isa = PBXProject;
			attributes = {
				LastSwiftUpdateCheck = 0720;
				LastUpgradeCheck = 0720;
				ORGANIZATIONNAME = "Talk on :Play";
				TargetAttributes = {
					5169CA811C3F759300696925 = {
						CreatedOnToolsVersion = 7.2;
					};
					5169CA951C3F759300696925 = {
						CreatedOnToolsVersion = 7.2;
						TestTargetID = 5169CA811C3F759300696925;
					};
					5169CAA01C3F759300696925 = {
						CreatedOnToolsVersion = 7.2;
						TestTargetID = 5169CA811C3F759300696925;
					};
				};
			};
			buildConfigurationList = 5169CA7D1C3F759300696925 /* Build configuration list for PBXProject "AnimatedLaunchScreen" */;
			compatibilityVersion = "Xcode 3.2";
			developmentRegion = English;
			hasScannedForEncodings = 0;
			knownRegions = (
				en,
				Base,
			);
			mainGroup = 5169CA791C3F759300696925;
			productRefGroup = 5169CA831C3F759300696925 /* Products */;
			projectDirPath = "";
			projectRoot = "";
			targets = (
				5169CA811C3F759300696925 /* AnimatedLaunchScreen */,
				5169CA951C3F759300696925 /* AnimatedLaunchScreenTests */,
				5169CAA01C3F759300696925 /* AnimatedLaunchScreenUITests */,
			);
		};
/* End PBXProject section */

/* Begin PBXResourcesBuildPhase section */
		5169CA801C3F759300696925 /* Resources */ = {
			isa = PBXResourcesBuildPhase;
			buildActionMask = 2147483647;
			files = (
				5169CA901C3F759300696925 /* LaunchScreen.storyboard in Resources */,
				5169CA8D1C3F759300696925 /* Assets.xcassets in Resources */,
				5169CA8B1C3F759300696925 /* Main.storyboard in Resources */,
			);
			runOnlyForDeploymentPostprocessing = 0;
		};
		5169CA941C3F759300696925 /* Resources */ = {
			isa = PBXResourcesBuildPhase;
			buildActionMask = 2147483647;
			files = (
			);
			runOnlyForDeploymentPostprocessing = 0;
		};
		5169CA9F1C3F759300696925 /* Resources */ = {
			isa = PBXResourcesBuildPhase;
			buildActionMask = 2147483647;
			files = (
			);
			runOnlyForDeploymentPostprocessing = 0;
		};
/* End PBXResourcesBuildPhase section */

/* Begin PBXSourcesBuildPhase section */
		5169CA7E1C3F759300696925 /* Sources */ = {
			isa = PBXSourcesBuildPhase;
			buildActionMask = 2147483647;
			files = (
				5169CA881C3F759300696925 /* ViewController.swift in Sources */,
				5169CA861C3F759300696925 /* AppDelegate.swift in Sources */,
			);
			runOnlyForDeploymentPostprocessing = 0;
		};
		5169CA921C3F759300696925 /* Sources */ = {
			isa = PBXSourcesBuildPhase;
			buildActionMask = 2147483647;
			files = (
				5169CA9B1C3F759300696925 /* AnimatedLaunchScreenTests.swift in Sources */,
			);
			runOnlyForDeploymentPostprocessing = 0;
		};
		5169CA9D1C3F759300696925 /* Sources */ = {
			isa = PBXSourcesBuildPhase;
			buildActionMask = 2147483647;
			files = (
				5169CAA61C3F759300696925 /* AnimatedLaunchScreenUITests.swift in Sources */,
			);
			runOnlyForDeploymentPostprocessing = 0;
		};
/* End PBXSourcesBuildPhase section */

/* Begin PBXTargetDependency section */
		5169CA981C3F759300696925 /* PBXTargetDependency */ = {
			isa = PBXTargetDependency;
			target = 5169CA811C3F759300696925 /* AnimatedLaunchScreen */;
			targetProxy = 5169CA971C3F759300696925 /* PBXContainerItemProxy */;
		};
		5169CAA31C3F759300696925 /* PBXTargetDependency */ = {
			isa = PBXTargetDependency;
			target = 5169CA811C3F759300696925 /* AnimatedLaunchScreen */;
			targetProxy = 5169CAA21C3F759300696925 /* PBXContainerItemProxy */;
		};
/* End PBXTargetDependency section */

/* Begin PBXVariantGroup section */
		5169CA891C3F759300696925 /* Main.storyboard */ = {
			isa = PBXVariantGroup;
			children = (
				5169CA8A1C3F759300696925 /* Base */,
			);
			name = Main.storyboard;
			sourceTree = "<group>";
		};
		5169CA8E1C3F759300696925 /* LaunchScreen.storyboard */ = {
			isa = PBXVariantGroup;
			children = (
				5169CA8F1C3F759300696925 /* Base */,
			);
			name = LaunchScreen.storyboard;
			sourceTree = "<group>";
		};
/* End PBXVariantGroup section */

/* Begin XCBuildConfiguration section */
		5169CAA81C3F759300696925 /* Debug */ = {
			isa = XCBuildConfiguration;
			buildSettings = {
				ALWAYS_SEARCH_USER_PATHS = NO;
				CLANG_CXX_LANGUAGE_STANDARD = "gnu++0x";
				CLANG_CXX_LIBRARY = "libc++";
				CLANG_ENABLE_MODULES = YES;
				CLANG_ENABLE_OBJC_ARC = YES;
				CLANG_WARN_BOOL_CONVERSION = YES;
				CLANG_WARN_CONSTANT_CONVERSION = YES;
				CLANG_WARN_DIRECT_OBJC_ISA_USAGE = YES_ERROR;
				CLANG_WARN_EMPTY_BODY = YES;
				CLANG_WARN_ENUM_CONVERSION = YES;
				CLANG_WARN_INT_CONVERSION = YES;
				CLANG_WARN_OBJC_ROOT_CLASS = YES_ERROR;
				CLANG_WARN_UNREACHABLE_CODE = YES;
				CLANG_WARN__DUPLICATE_METHOD_MATCH = YES;
				"CODE_SIGN_IDENTITY[sdk=iphoneos*]" = "iPhone Developer";
				COPY_PHASE_STRIP = NO;
				DEBUG_INFORMATION_FORMAT = dwarf;
				ENABLE_STRICT_OBJC_MSGSEND = YES;
				ENABLE_TESTABILITY = YES;
				GCC_C_LANGUAGE_STANDARD = gnu99;
				GCC_DYNAMIC_NO_PIC = NO;
				GCC_NO_COMMON_BLOCKS = YES;
				GCC_OPTIMIZATION_LEVEL = 0;
				GCC_PREPROCESSOR_DEFINITIONS = (
					"DEBUG=1",
					"$(inherited)",
				);
				GCC_WARN_64_TO_32_BIT_CONVERSION = YES;
				GCC_WARN_ABOUT_RETURN_TYPE = YES_ERROR;
				GCC_WARN_UNDECLARED_SELECTOR = YES;
				GCC_WARN_UNINITIALIZED_AUTOS = YES_AGGRESSIVE;
				GCC_WARN_UNUSED_FUNCTION = YES;
				GCC_WARN_UNUSED_VARIABLE = YES;
				IPHONEOS_DEPLOYMENT_TARGET = 9.2;
				MTL_ENABLE_DEBUG_INFO = YES;
				ONLY_ACTIVE_ARCH = YES;
				SDKROOT = iphoneos;
				SWIFT_OPTIMIZATION_LEVEL = "-Onone";
				TARGETED_DEVICE_FAMILY = "1,2";
			};
			name = Debug;
		};
		5169CAA91C3F759300696925 /* Release */ = {
			isa = XCBuildConfiguration;
			buildSettings = {
				ALWAYS_SEARCH_USER_PATHS = NO;
				CLANG_CXX_LANGUAGE_STANDARD = "gnu++0x";
				CLANG_CXX_LIBRARY = "libc++";
				CLANG_ENABLE_MODULES = YES;
				CLANG_ENABLE_OBJC_ARC = YES;
				CLANG_WARN_BOOL_CONVERSION = YES;
				CLANG_WARN_CONSTANT_CONVERSION = YES;
				CLANG_WARN_DIRECT_OBJC_ISA_USAGE = YES_ERROR;
				CLANG_WARN_EMPTY_BODY = YES;
				CLANG_WARN_ENUM_CONVERSION = YES;
				CLANG_WARN_INT_CONVERSION = YES;
				CLANG_WARN_OBJC_ROOT_CLASS = YES_ERROR;
				CLANG_WARN_UNREACHABLE_CODE = YES;
				CLANG_WARN__DUPLICATE_METHOD_MATCH = YES;
				"CODE_SIGN_IDENTITY[sdk=iphoneos*]" = "iPhone Developer";
				COPY_PHASE_STRIP = NO;
				DEBUG_INFORMATION_FORMAT = "dwarf-with-dsym";
				ENABLE_NS_ASSERTIONS = NO;
				ENABLE_STRICT_OBJC_MSGSEND = YES;
				GCC_C_LANGUAGE_STANDARD = gnu99;
				GCC_NO_COMMON_BLOCKS = YES;
				GCC_WARN_64_TO_32_BIT_CONVERSION = YES;
				GCC_WARN_ABOUT_RETURN_TYPE = YES_ERROR;
				GCC_WARN_UNDECLARED_SELECTOR = YES;
				GCC_WARN_UNINITIALIZED_AUTOS = YES_AGGRESSIVE;
				GCC_WARN_UNUSED_FUNCTION = YES;
				GCC_WARN_UNUSED_VARIABLE = YES;
				IPHONEOS_DEPLOYMENT_TARGET = 9.2;
				MTL_ENABLE_DEBUG_INFO = NO;
				SDKROOT = iphoneos;
				TARGETED_DEVICE_FAMILY = "1,2";
				VALIDATE_PRODUCT = YES;
			};
			name = Release;
		};
		5169CAAB1C3F759300696925 /* Debug */ = {
			isa = XCBuildConfiguration;
			buildSettings = {
				ASSETCATALOG_COMPILER_APPICON_NAME = AppIcon;
				INFOPLIST_FILE = AnimatedLaunchScreen/Info.plist;
				LD_RUNPATH_SEARCH_PATHS = "$(inherited) @executable_path/Frameworks";
				PRODUCT_BUNDLE_IDENTIFIER = io.github.agiletalk.AnimatedLaunchScreen;
				PRODUCT_NAME = "$(TARGET_NAME)";
			};
			name = Debug;
		};
		5169CAAC1C3F759300696925 /* Release */ = {
			isa = XCBuildConfiguration;
			buildSettings = {
				ASSETCATALOG_COMPILER_APPICON_NAME = AppIcon;
				INFOPLIST_FILE = AnimatedLaunchScreen/Info.plist;
				LD_RUNPATH_SEARCH_PATHS = "$(inherited) @executable_path/Frameworks";
				PRODUCT_BUNDLE_IDENTIFIER = io.github.agiletalk.AnimatedLaunchScreen;
				PRODUCT_NAME = "$(TARGET_NAME)";
			};
			name = Release;
		};
		5169CAAE1C3F759300696925 /* Debug */ = {
			isa = XCBuildConfiguration;
			buildSettings = {
				BUNDLE_LOADER = "$(TEST_HOST)";
				INFOPLIST_FILE = AnimatedLaunchScreenTests/Info.plist;
				LD_RUNPATH_SEARCH_PATHS = "$(inherited) @executable_path/Frameworks @loader_path/Frameworks";
				PRODUCT_BUNDLE_IDENTIFIER = io.github.agiletalk.AnimatedLaunchScreenTests;
				PRODUCT_NAME = "$(TARGET_NAME)";
				TEST_HOST = "$(BUILT_PRODUCTS_DIR)/AnimatedLaunchScreen.app/AnimatedLaunchScreen";
			};
			name = Debug;
		};
		5169CAAF1C3F759300696925 /* Release */ = {
			isa = XCBuildConfiguration;
			buildSettings = {
				BUNDLE_LOADER = "$(TEST_HOST)";
				INFOPLIST_FILE = AnimatedLaunchScreenTests/Info.plist;
				LD_RUNPATH_SEARCH_PATHS = "$(inherited) @executable_path/Frameworks @loader_path/Frameworks";
				PRODUCT_BUNDLE_IDENTIFIER = io.github.agiletalk.AnimatedLaunchScreenTests;
				PRODUCT_NAME = "$(TARGET_NAME)";
				TEST_HOST = "$(BUILT_PRODUCTS_DIR)/AnimatedLaunchScreen.app/AnimatedLaunchScreen";
			};
			name = Release;
		};
		5169CAB11C3F759300696925 /* Debug */ = {
			isa = XCBuildConfiguration;
			buildSettings = {
				INFOPLIST_FILE = AnimatedLaunchScreenUITests/Info.plist;
				LD_RUNPATH_SEARCH_PATHS = "$(inherited) @executable_path/Frameworks @loader_path/Frameworks";
				PRODUCT_BUNDLE_IDENTIFIER = io.github.agiletalk.AnimatedLaunchScreenUITests;
				PRODUCT_NAME = "$(TARGET_NAME)";
				TEST_TARGET_NAME = AnimatedLaunchScreen;
				USES_XCTRUNNER = YES;
			};
			name = Debug;
		};
		5169CAB21C3F759300696925 /* Release */ = {
			isa = XCBuildConfiguration;
			buildSettings = {
				INFOPLIST_FILE = AnimatedLaunchScreenUITests/Info.plist;
				LD_RUNPATH_SEARCH_PATHS = "$(inherited) @executable_path/Frameworks @loader_path/Frameworks";
				PRODUCT_BUNDLE_IDENTIFIER = io.github.agiletalk.AnimatedLaunchScreenUITests;
				PRODUCT_NAME = "$(TARGET_NAME)";
				TEST_TARGET_NAME = AnimatedLaunchScreen;
				USES_XCTRUNNER = YES;
			};
			name = Release;
		};
/* End XCBuildConfiguration section */

/* Begin XCConfigurationList section */
		5169CA7D1C3F759300696925 /* Build configuration list for PBXProject "AnimatedLaunchScreen" */ = {
			isa = XCConfigurationList;
			buildConfigurations = (
				5169CAA81C3F759300696925 /* Debug */,
				5169CAA91C3F759300696925 /* Release */,
			);
			defaultConfigurationIsVisible = 0;
			defaultConfigurationName = Release;
		};
		5169CAAA1C3F759300696925 /* Build configuration list for PBXNativeTarget "AnimatedLaunchScreen" */ = {
			isa = XCConfigurationList;
			buildConfigurations = (
				5169CAAB1C3F759300696925 /* Debug */,
				5169CAAC1C3F759300696925 /* Release */,
			);
			defaultConfigurationIsVisible = 0;
		};
		5169CAAD1C3F759300696925 /* Build configuration list for PBXNativeTarget "AnimatedLaunchScreenTests" */ = {
			isa = XCConfigurationList;
			buildConfigurations = (
				5169CAAE1C3F759300696925 /* Debug */,
				5169CAAF1C3F759300696925 /* Release */,
			);
			defaultConfigurationIsVisible = 0;
		};
		5169CAB01C3F759300696925 /* Build configuration list for PBXNativeTarget "AnimatedLaunchScreenUITests" */ = {
			isa = XCConfigurationList;
			buildConfigurations = (
				5169CAB11C3F759300696925 /* Debug */,
				5169CAB21C3F759300696925 /* Release */,
			);
			defaultConfigurationIsVisible = 0;
		};
/* End XCConfigurationList section */
	};
	rootObject = 5169CA7A1C3F759300696925 /* Project object */;
}
